
Microsoft Visual Studio Solution File, Format Version 12.00
# Visual Studio 2012
Project("{FAE04EC0-301F-11D3-BF4B-00C04F79EFBC}") = "ATZ.XamarinExtensions", "ATZ.XamarinExtensions\ATZ.XamarinExtensions.csproj", "{52772D2D-A08F-4D78-A798-C005EFBB8AD0}"
EndProject
Global
	GlobalSection(SolutionConfigurationPlatforms) = preSolution
		Debug|Any CPU = Debug|Any CPU
		Release|Any CPU = Release|Any CPU
	EndGlobalSection
	GlobalSection(ProjectConfigurationPlatforms) = postSolution
		{52772D2D-A08F-4D78-A798-C005EFBB8AD0}.Debug|Any CPU.ActiveCfg = Debug|Any CPU
		{52772D2D-A08F-4D78-A798-C005EFBB8AD0}.Debug|Any CPU.Build.0 = Debug|Any CPU
		{52772D2D-A08F-4D78-A798-C005EFBB8AD0}.Release|Any CPU.ActiveCfg = Release|Any CPU
		{52772D2D-A08F-4D78-A798-C005EFBB8AD0}.Release|Any CPU.Build.0 = Release|Any CPU
	EndGlobalSection
EndGlobal
